
Microsoft Visual Studio Solution File, Format Version 12.00
# Visual Studio Version 17
VisualStudioVersion = 17.2.32630.192
MinimumVisualStudioVersion = 10.0.40219.1
Project("{FAE04EC0-301F-11D3-BF4B-00C04F79EFBC}") = "AAC.AppMvc", "src\AAC.AppMvc\AAC.AppMvc.csproj", "{6686D0CB-3ED9-4378-824C-61841B799795}"
EndProject
Project("{FAE04EC0-301F-11D3-BF4B-00C04F79EFBC}") = "AAC.Business", "src\AAC.Business\AAC.Business.csproj", "{3566064A-4058-478C-90A8-6E70832B789F}"
EndProject
Project("{FAE04EC0-301F-11D3-BF4B-00C04F79EFBC}") = "AAC.Infra", "src\AAC.Infra\AAC.Infra.csproj", "{4001615D-8EE9-4666-8553-FBD0F9D90F6E}"
EndProject
Global
	GlobalSection(SolutionConfigurationPlatforms) = preSolution
		Debug|Any CPU = Debug|Any CPU
		Debug|x64 = Debug|x64
		Release|Any CPU = Release|Any CPU
		Release|x64 = Release|x64
	EndGlobalSection
	GlobalSection(ProjectConfigurationPlatforms) = postSolution
		{6686D0CB-3ED9-4378-824C-61841B799795}.Debug|Any CPU.ActiveCfg = Debug|Any CPU
		{6686D0CB-3ED9-4378-824C-61841B799795}.Debug|Any CPU.Build.0 = Debug|Any CPU
		{6686D0CB-3ED9-4378-824C-61841B799795}.Debug|x64.ActiveCfg = Debug|x64
		{6686D0CB-3ED9-4378-824C-61841B799795}.Debug|x64.Build.0 = Debug|x64
		{6686D0CB-3ED9-4378-824C-61841B799795}.Release|Any CPU.ActiveCfg = Release|Any CPU
		{6686D0CB-3ED9-4378-824C-61841B799795}.Release|Any CPU.Build.0 = Release|Any CPU
		{6686D0CB-3ED9-4378-824C-61841B799795}.Release|x64.ActiveCfg = Release|x64
		{6686D0CB-3ED9-4378-824C-61841B799795}.Release|x64.Build.0 = Release|x64
		{3566064A-4058-478C-90A8-6E70832B789F}.Debug|Any CPU.ActiveCfg = Debug|Any CPU
		{3566064A-4058-478C-90A8-6E70832B789F}.Debug|Any CPU.Build.0 = Debug|Any CPU
		{3566064A-4058-478C-90A8-6E70832B789F}.Debug|x64.ActiveCfg = Debug|x64
		{3566064A-4058-478C-90A8-6E70832B789F}.Debug|x64.Build.0 = Debug|x64
		{3566064A-4058-478C-90A8-6E70832B789F}.Release|Any CPU.ActiveCfg = Release|Any CPU
		{3566064A-4058-478C-90A8-6E70832B789F}.Release|Any CPU.Build.0 = Release|Any CPU
		{3566064A-4058-478C-90A8-6E70832B789F}.Release|x64.ActiveCfg = Release|x64
		{3566064A-4058-478C-90A8-6E70832B789F}.Release|x64.Build.0 = Release|x64
		{4001615D-8EE9-4666-8553-FBD0F9D90F6E}.Debug|Any CPU.ActiveCfg = Debug|Any CPU
		{4001615D-8EE9-4666-8553-FBD0F9D90F6E}.Debug|Any CPU.Build.0 = Debug|Any CPU
		{4001615D-8EE9-4666-8553-FBD0F9D90F6E}.Debug|x64.ActiveCfg = Debug|x64
		{4001615D-8EE9-4666-8553-FBD0F9D90F6E}.Debug|x64.Build.0 = Debug|x64
		{4001615D-8EE9-4666-8553-FBD0F9D90F6E}.Release|Any CPU.ActiveCfg = Release|Any CPU
		{4001615D-8EE9-4666-8553-FBD0F9D90F6E}.Release|Any CPU.Build.0 = Release|Any CPU
		{4001615D-8EE9-4666-8553-FBD0F9D90F6E}.Release|x64.ActiveCfg = Release|x64
		{4001615D-8EE9-4666-8553-FBD0F9D90F6E}.Release|x64.Build.0 = Release|x64
	EndGlobalSection
	GlobalSection(SolutionProperties) = preSolution
		HideSolutionNode = FALSE
	EndGlobalSection
	GlobalSection(ExtensibilityGlobals) = postSolution
		SolutionGuid = {E6FD51D7-2364-4031-8523-2E14D918352F}
	EndGlobalSection
EndGlobal
